
Microsoft Visual Studio Solution File, Format Version 12.00
# Visual Studio Version 17
VisualStudioVersion = 17.5.002.0
MinimumVisualStudioVersion = 10.0.40219.1
Project("{9A19103F-16F7-4668-BE54-9A1E7A4F7556}") = "bixinho", "bixinho\bixinho.csproj", "{8BCCD4CC-BEF7-4972-A1F2-E526B97BF9EF}"
EndProject
Global
	GlobalSection(SolutionConfigurationPlatforms) = preSolution
		Debug|Any CPU = Debug|Any CPU
		Release|Any CPU = Release|Any CPU
	EndGlobalSection
	GlobalSection(ProjectConfigurationPlatforms) = postSolution
		{8BCCD4CC-BEF7-4972-A1F2-E526B97BF9EF}.Debug|Any CPU.ActiveCfg = Debug|Any CPU
		{8BCCD4CC-BEF7-4972-A1F2-E526B97BF9EF}.Debug|Any CPU.Build.0 = Debug|Any CPU
		{8BCCD4CC-BEF7-4972-A1F2-E526B97BF9EF}.Release|Any CPU.ActiveCfg = Release|Any CPU
		{8BCCD4CC-BEF7-4972-A1F2-E526B97BF9EF}.Release|Any CPU.Build.0 = Release|Any CPU
	EndGlobalSection
	GlobalSection(SolutionProperties) = preSolution
		HideSolutionNode = FALSE
	EndGlobalSection
	GlobalSection(ExtensibilityGlobals) = postSolution
		SolutionGuid = {0E7FE5EC-EC5B-4EA0-9057-C612E371B9CA}
	EndGlobalSection
EndGlobal
